
Microsoft Visual Studio Solution File, Format Version 12.00
# Visual Studio Version 17
VisualStudioVersion = 17.14.37111.16 d17.14
MinimumVisualStudioVersion = 10.0.40219.1
Project("{FAE04EC0-301F-11D3-BF4B-00C04F79EFBC}") = "ConsoleCopys", "ConsoleCopys\ConsoleCopys.csproj", "{C3C03152-F2B5-4F1E-B5E7-DA1C45D68DFE}"
EndProject
Global
	GlobalSection(SolutionConfigurationPlatforms) = preSolution
		Debug|Any CPU = Debug|Any CPU
		Release|Any CPU = Release|Any CPU
	EndGlobalSection
	GlobalSection(ProjectConfigurationPlatforms) = postSolution
		{C3C03152-F2B5-4F1E-B5E7-DA1C45D68DFE}.Debug|Any CPU.ActiveCfg = Debug|Any CPU
		{C3C03152-F2B5-4F1E-B5E7-DA1C45D68DFE}.Debug|Any CPU.Build.0 = Debug|Any CPU
		{C3C03152-F2B5-4F1E-B5E7-DA1C45D68DFE}.Release|Any CPU.ActiveCfg = Release|Any CPU
		{C3C03152-F2B5-4F1E-B5E7-DA1C45D68DFE}.Release|Any CPU.Build.0 = Release|Any CPU
	EndGlobalSection
	GlobalSection(SolutionProperties) = preSolution
		HideSolutionNode = FALSE
	EndGlobalSection
	GlobalSection(ExtensibilityGlobals) = postSolution
		SolutionGuid = {81B9B251-7350-417C-8D6A-8C5EBC3F8BFE}
	EndGlobalSection
EndGlobal
